# Auto-generated by mcs sync. Do not edit manually.
# Run 'mcs sync' to regenerate.
lockVersion: 1
generatedAt: '2026-03-30T01:35:09Z'
mcsVersion: 2026.3.28
packs:
- identifier: github-planner
  sourceURL: https://github.com/anettodev/github-planner.git
  commitSHA: eccc117d0b4434e13430c473a053b1db12ad24a4
- identifier: memory
  sourceURL: https://github.com/mcs-cli/memory.git
  commitSHA: c166154e73c205f6a357f1374fd329ab715719ce
